
Microsoft Visual Studio Solution File, Format Version 12.00
# Visual Studio Version 16
VisualStudioVersion = 16.0.29728.190
MinimumVisualStudioVersion = 10.0.40219.1
Project("{FAE04EC0-301F-11D3-BF4B-00C04F79EFBC}") = "PolyPattern", "PolyPattern\PolyPattern.csproj", "{D781C480-72BB-4E93-91AE-E2B4B8283EBC}"
EndProject
Project("{FAE04EC0-301F-11D3-BF4B-00C04F79EFBC}") = "PolyPatternConsole", "PolyPatternConsole\PolyPatternConsole.csproj", "{BC688080-2C82-452F-916C-E32060C443B6}"
EndProject
Global
	GlobalSection(SolutionConfigurationPlatforms) = preSolution
		Debug|Any CPU = Debug|Any CPU
		Release|Any CPU = Release|Any CPU
	EndGlobalSection
	GlobalSection(ProjectConfigurationPlatforms) = postSolution
		{D781C480-72BB-4E93-91AE-E2B4B8283EBC}.Debug|Any CPU.ActiveCfg = Debug|Any CPU
		{D781C480-72BB-4E93-91AE-E2B4B8283EBC}.Debug|Any CPU.Build.0 = Debug|Any CPU
		{D781C480-72BB-4E93-91AE-E2B4B8283EBC}.Release|Any CPU.ActiveCfg = Release|Any CPU
		{D781C480-72BB-4E93-91AE-E2B4B8283EBC}.Release|Any CPU.Build.0 = Release|Any CPU
		{BC688080-2C82-452F-916C-E32060C443B6}.Debug|Any CPU.ActiveCfg = Debug|Any CPU
		{BC688080-2C82-452F-916C-E32060C443B6}.Debug|Any CPU.Build.0 = Debug|Any CPU
		{BC688080-2C82-452F-916C-E32060C443B6}.Release|Any CPU.ActiveCfg = Release|Any CPU
		{BC688080-2C82-452F-916C-E32060C443B6}.Release|Any CPU.Build.0 = Release|Any CPU
	EndGlobalSection
	GlobalSection(SolutionProperties) = preSolution
		HideSolutionNode = FALSE
	EndGlobalSection
	GlobalSection(ExtensibilityGlobals) = postSolution
		SolutionGuid = {018C7559-D48A-4614-8062-53ABFA3A3D87}
	EndGlobalSection
EndGlobal
